
Microsoft Visual Studio Solution File, Format Version 12.00
# Visual Studio 15
VisualStudioVersion = 15.0.28307.271
MinimumVisualStudioVersion = 10.0.40219.1
Project("{9A19103F-16F7-4668-BE54-9A1E7A4F7556}") = "SpottedCotuca.API", "SpottedCotuca.API\SpottedCotuca.API.csproj", "{31017F2F-17CA-4544-9BC6-06968EFAA5A6}"
EndProject
Project("{9A19103F-16F7-4668-BE54-9A1E7A4F7556}") = "SpottedCotuca.Application", "SpottedCotuca.Application\SpottedCotuca.Application.csproj", "{56C1647D-CDE5-4D0C-B00B-EB0B5DF8CB9A}"
EndProject
Project("{FAE04EC0-301F-11D3-BF4B-00C04F79EFBC}") = "SpottedCotuca.Application.Tests", "SpottedCotuca.Application.Tests\SpottedCotuca.Application.Tests.csproj", "{0D328F50-7A50-4E2C-A459-CB57F44AB194}"
EndProject
Global
	GlobalSection(SolutionConfigurationPlatforms) = preSolution
		Debug|Any CPU = Debug|Any CPU
		Release|Any CPU = Release|Any CPU
	EndGlobalSection
	GlobalSection(ProjectConfigurationPlatforms) = postSolution
		{31017F2F-17CA-4544-9BC6-06968EFAA5A6}.Debug|Any CPU.ActiveCfg = Debug|Any CPU
		{31017F2F-17CA-4544-9BC6-06968EFAA5A6}.Debug|Any CPU.Build.0 = Debug|Any CPU
		{31017F2F-17CA-4544-9BC6-06968EFAA5A6}.Release|Any CPU.ActiveCfg = Release|Any CPU
		{31017F2F-17CA-4544-9BC6-06968EFAA5A6}.Release|Any CPU.Build.0 = Release|Any CPU
		{56C1647D-CDE5-4D0C-B00B-EB0B5DF8CB9A}.Debug|Any CPU.ActiveCfg = Debug|Any CPU
		{56C1647D-CDE5-4D0C-B00B-EB0B5DF8CB9A}.Debug|Any CPU.Build.0 = Debug|Any CPU
		{56C1647D-CDE5-4D0C-B00B-EB0B5DF8CB9A}.Release|Any CPU.ActiveCfg = Release|Any CPU
		{56C1647D-CDE5-4D0C-B00B-EB0B5DF8CB9A}.Release|Any CPU.Build.0 = Release|Any CPU
		{0D328F50-7A50-4E2C-A459-CB57F44AB194}.Debug|Any CPU.ActiveCfg = Debug|Any CPU
		{0D328F50-7A50-4E2C-A459-CB57F44AB194}.Debug|Any CPU.Build.0 = Debug|Any CPU
		{0D328F50-7A50-4E2C-A459-CB57F44AB194}.Release|Any CPU.ActiveCfg = Release|Any CPU
		{0D328F50-7A50-4E2C-A459-CB57F44AB194}.Release|Any CPU.Build.0 = Release|Any CPU
	EndGlobalSection
	GlobalSection(SolutionProperties) = preSolution
		HideSolutionNode = FALSE
	EndGlobalSection
	GlobalSection(ExtensibilityGlobals) = postSolution
		SolutionGuid = {E7287C1F-FD89-40FC-AEBA-7CF9899D115A}
	EndGlobalSection
EndGlobal
